
Microsoft Visual Studio Solution File, Format Version 12.00
# Visual Studio Version 17
VisualStudioVersion = 17.9.34728.123
MinimumVisualStudioVersion = 10.0.40219.1
Project("{FAE04EC0-301F-11D3-BF4B-00C04F79EFBC}") = "IndigoSoftTest", "IndigoSoftTest\IndigoSoftTest.csproj", "{422E40B2-0DCF-4178-8FD2-7B8AE8B70427}"
EndProject
Global
	GlobalSection(SolutionConfigurationPlatforms) = preSolution
		Debug|Any CPU = Debug|Any CPU
		Release|Any CPU = Release|Any CPU
	EndGlobalSection
	GlobalSection(ProjectConfigurationPlatforms) = postSolution
		{422E40B2-0DCF-4178-8FD2-7B8AE8B70427}.Debug|Any CPU.ActiveCfg = Debug|Any CPU
		{422E40B2-0DCF-4178-8FD2-7B8AE8B70427}.Debug|Any CPU.Build.0 = Debug|Any CPU
		{422E40B2-0DCF-4178-8FD2-7B8AE8B70427}.Release|Any CPU.ActiveCfg = Release|Any CPU
		{422E40B2-0DCF-4178-8FD2-7B8AE8B70427}.Release|Any CPU.Build.0 = Release|Any CPU
	EndGlobalSection
	GlobalSection(SolutionProperties) = preSolution
		HideSolutionNode = FALSE
	EndGlobalSection
	GlobalSection(ExtensibilityGlobals) = postSolution
		SolutionGuid = {096378C3-A108-470B-A9F1-359D9AB156EB}
	EndGlobalSection
EndGlobal
